
Microsoft Visual Studio Solution File, Format Version 12.00
# Visual Studio Version 16
VisualStudioVersion = 16.0.32106.194
MinimumVisualStudioVersion = 10.0.40219.1
Project("{FAE04EC0-301F-11D3-BF4B-00C04F79EFBC}") = "Seruichi.Seller.Web", "Seruichi.Seller.Web\Seruichi.Seller.Web.csproj", "{1458B5EA-09EB-47D3-B0A1-439D425EA204}"
EndProject
Project("{FAE04EC0-301F-11D3-BF4B-00C04F79EFBC}") = "Seruichi.Common", "Seruichi.Common\Seruichi.Common.csproj", "{94FCC438-8B11-4348-8E01-098E92A57E5A}"
EndProject
Project("{FAE04EC0-301F-11D3-BF4B-00C04F79EFBC}") = "Models", "Models\Models.csproj", "{DC43A405-2700-495F-8E91-7E1DD6804CF7}"
EndProject
Project("{FAE04EC0-301F-11D3-BF4B-00C04F79EFBC}") = "Seruichi.BL", "Seruichi.Seller.BL\Seruichi.BL.csproj", "{99062FAC-2619-4BDB-A75F-6B90F7742F7A}"
EndProject
Project("{FAE04EC0-301F-11D3-BF4B-00C04F79EFBC}") = "Seruichi.Tenfold.Web", "Seruichi.Tenfold.Web\Seruichi.Tenfold.Web.csproj", "{03265EE9-F7F0-4AE0-BE6C-77A4B1548EA9}"
EndProject
Project("{FAE04EC0-301F-11D3-BF4B-00C04F79EFBC}") = "Seruichi.RealEstate.Web", "Seruichi.RealState.Web\Seruichi.RealEstate.Web.csproj", "{E935BC7E-7837-4658-8915-F96633EAA3C0}"
EndProject
Global
	GlobalSection(SolutionConfigurationPlatforms) = preSolution
		Debug|Any CPU = Debug|Any CPU
		Release|Any CPU = Release|Any CPU
	EndGlobalSection
	GlobalSection(ProjectConfigurationPlatforms) = postSolution
		{1458B5EA-09EB-47D3-B0A1-439D425EA204}.Debug|Any CPU.ActiveCfg = Debug|Any CPU
		{1458B5EA-09EB-47D3-B0A1-439D425EA204}.Debug|Any CPU.Build.0 = Debug|Any CPU
		{1458B5EA-09EB-47D3-B0A1-439D425EA204}.Release|Any CPU.ActiveCfg = Release|Any CPU
		{1458B5EA-09EB-47D3-B0A1-439D425EA204}.Release|Any CPU.Build.0 = Release|Any CPU
		{94FCC438-8B11-4348-8E01-098E92A57E5A}.Debug|Any CPU.ActiveCfg = Debug|Any CPU
		{94FCC438-8B11-4348-8E01-098E92A57E5A}.Debug|Any CPU.Build.0 = Debug|Any CPU
		{94FCC438-8B11-4348-8E01-098E92A57E5A}.Release|Any CPU.ActiveCfg = Release|Any CPU
		{94FCC438-8B11-4348-8E01-098E92A57E5A}.Release|Any CPU.Build.0 = Release|Any CPU
		{DC43A405-2700-495F-8E91-7E1DD6804CF7}.Debug|Any CPU.ActiveCfg = Debug|Any CPU
		{DC43A405-2700-495F-8E91-7E1DD6804CF7}.Debug|Any CPU.Build.0 = Debug|Any CPU
		{DC43A405-2700-495F-8E91-7E1DD6804CF7}.Release|Any CPU.ActiveCfg = Release|Any CPU
		{DC43A405-2700-495F-8E91-7E1DD6804CF7}.Release|Any CPU.Build.0 = Release|Any CPU
		{99062FAC-2619-4BDB-A75F-6B90F7742F7A}.Debug|Any CPU.ActiveCfg = Debug|Any CPU
		{99062FAC-2619-4BDB-A75F-6B90F7742F7A}.Debug|Any CPU.Build.0 = Debug|Any CPU
		{99062FAC-2619-4BDB-A75F-6B90F7742F7A}.Release|Any CPU.ActiveCfg = Release|Any CPU
		{99062FAC-2619-4BDB-A75F-6B90F7742F7A}.Release|Any CPU.Build.0 = Release|Any CPU
		{03265EE9-F7F0-4AE0-BE6C-77A4B1548EA9}.Debug|Any CPU.ActiveCfg = Debug|Any CPU
		{03265EE9-F7F0-4AE0-BE6C-77A4B1548EA9}.Debug|Any CPU.Build.0 = Debug|Any CPU
		{03265EE9-F7F0-4AE0-BE6C-77A4B1548EA9}.Release|Any CPU.ActiveCfg = Release|Any CPU
		{03265EE9-F7F0-4AE0-BE6C-77A4B1548EA9}.Release|Any CPU.Build.0 = Release|Any CPU
		{E935BC7E-7837-4658-8915-F96633EAA3C0}.Debug|Any CPU.ActiveCfg = Debug|Any CPU
		{E935BC7E-7837-4658-8915-F96633EAA3C0}.Debug|Any CPU.Build.0 = Debug|Any CPU
		{E935BC7E-7837-4658-8915-F96633EAA3C0}.Release|Any CPU.ActiveCfg = Release|Any CPU
		{E935BC7E-7837-4658-8915-F96633EAA3C0}.Release|Any CPU.Build.0 = Release|Any CPU
	EndGlobalSection
	GlobalSection(SolutionProperties) = preSolution
		HideSolutionNode = FALSE
	EndGlobalSection
	GlobalSection(ExtensibilityGlobals) = postSolution
		SolutionGuid = {C85BB659-7770-4E53-A15C-76B3699509AA}
	EndGlobalSection
EndGlobal
